
Microsoft Visual Studio Solution File, Format Version 12.00
# Visual Studio Version 16
VisualStudioVersion = 16.0.30320.27
MinimumVisualStudioVersion = 10.0.40219.1
Project("{FAE04EC0-301F-11D3-BF4B-00C04F79EFBC}") = "AssignmentOnMVC", "AssignmentOnMVC\AssignmentOnMVC.csproj", "{631FA315-91EF-49E8-80EA-B998067A8A0C}"
EndProject
Global
	GlobalSection(SolutionConfigurationPlatforms) = preSolution
		Debug|Any CPU = Debug|Any CPU
		Release|Any CPU = Release|Any CPU
	EndGlobalSection
	GlobalSection(ProjectConfigurationPlatforms) = postSolution
		{631FA315-91EF-49E8-80EA-B998067A8A0C}.Debug|Any CPU.ActiveCfg = Debug|Any CPU
		{631FA315-91EF-49E8-80EA-B998067A8A0C}.Debug|Any CPU.Build.0 = Debug|Any CPU
		{631FA315-91EF-49E8-80EA-B998067A8A0C}.Release|Any CPU.ActiveCfg = Release|Any CPU
		{631FA315-91EF-49E8-80EA-B998067A8A0C}.Release|Any CPU.Build.0 = Release|Any CPU
	EndGlobalSection
	GlobalSection(SolutionProperties) = preSolution
		HideSolutionNode = FALSE
	EndGlobalSection
	GlobalSection(ExtensibilityGlobals) = postSolution
		SolutionGuid = {BF0CFAA2-A552-4461-BB2E-DE9AC4D260ED}
	EndGlobalSection
EndGlobal
